PODS:
  - Charts (3.5.0):
    - Charts/Core (= 3.5.0)
  - Charts/Core (3.5.0)
  - FSCalendar (2.8.2)

DEPENDENCIES:
  - Charts (~> 3.5.0)
  - FSCalendar

SPEC REPOS:
  trunk:
    - Charts
    - FSCalendar

SPEC CHECKSUMS:
  Charts: 40a08591df1f8ad5c223ddedfb1a06da92f24f7c
  FSCalendar: e6a2eb9c571bf0719ed797ef807e08426753c241

PODFILE CHECKSUM: 9f7ee4a25cae4cfada705201db51663256ecba2e

COCOAPODS: 1.11.2
