// !$*UTF8*$!
{
	archiveVersion = 1;
	classes = {
	};
	objectVersion = 55;
	objects = {

/* Begin PBXBuildFile section */
		299A0E3F16B01D59EC828C0C /* Pods_AtemisTests.framework in Frameworks */ = {isa = PBXBuildFile; fileRef = BFF72F6994F7C7D4384D18FB /* Pods_AtemisTests.framework */; };
		763817485E142AAB095D9134 /* Pods_Atemis.framework in Frameworks */ = {isa = PBXBuildFile; fileRef = 3044E524DD989E0FADFFE74E /* Pods_Atemis.framework */; };
		ADE6EDF580FD2D1242EAC883 /* Pods_Atemis_AtemisUITests.framework in Frameworks */ = {isa = PBXBuildFile; fileRef = C0CF15F140C55B3EF8ABEA2F /* Pods_Atemis_AtemisUITests.framework */; };
		D5163E392727FF9600DF09D0 /* AtemisApp.swift in Sources */ = {isa = PBXBuildFile; fileRef = D5163E382727FF9600DF09D0 /* AtemisApp.swift */; };
		D5163E3D2727FF9800DF09D0 /* Assets.xcassets in Resources */ = {isa = PBXBuildFile; fileRef = D5163E3C2727FF9800DF09D0 /* Assets.xcassets */; };
		D5163E402727FF9800DF09D0 /* Preview Assets.xcassets in Resources */ = {isa = PBXBuildFile; fileRef = D5163E3F2727FF9800DF09D0 /* Preview Assets.xcassets */; };
		D5163E422727FF9800DF09D0 /* Persistence.swift in Sources */ = {isa = PBXBuildFile; fileRef = D5163E412727FF9800DF09D0 /* Persistence.swift */; };
		D5163E452727FF9800DF09D0 /* Atemis.xcdatamodeld in Sources */ = {isa = PBXBuildFile; fileRef = D5163E432727FF9800DF09D0 /* Atemis.xcdatamodeld */; };
		D5163E4F2727FF9800DF09D0 /* AtemisTests.swift in Sources */ = {isa = PBXBuildFile; fileRef = D5163E4E2727FF9800DF09D0 /* AtemisTests.swift */; };
		D5163E592727FF9800DF09D0 /* AtemisUITests.swift in Sources */ = {isa = PBXBuildFile; fileRef = D5163E582727FF9800DF09D0 /* AtemisUITests.swift */; };
		D5163E5B2727FF9800DF09D0 /* AtemisUITestsLaunchTests.swift in Sources */ = {isa = PBXBuildFile; fileRef = D5163E5A2727FF9800DF09D0 /* AtemisUITestsLaunchTests.swift */; };
		D5163E6F272803F100DF09D0 /* CloudKit.framework in Frameworks */ = {isa = PBXBuildFile; fileRef = D5163E6E272803F100DF09D0 /* CloudKit.framework */; };
		D5163E8427280E3000DF09D0 /* ExampleCV.swift in Sources */ = {isa = PBXBuildFile; fileRef = D5163E8327280E3000DF09D0 /* ExampleCV.swift */; };
		D5163E8627280F6400DF09D0 /* Lexend.ttf in Resources */ = {isa = PBXBuildFile; fileRef = D5163E8027280CBD00DF09D0 /* Lexend.ttf */; };
		D5163E8727280F6E00DF09D0 /* Avenir.ttc in Resources */ = {isa = PBXBuildFile; fileRef = D5163E7F2728098E00DF09D0 /* Avenir.ttc */; };
		D5163E8927280F9A00DF09D0 /* Extensions.swift in Sources */ = {isa = PBXBuildFile; fileRef = D5163E8827280F9A00DF09D0 /* Extensions.swift */; };
		D5163E8C2728108A00DF09D0 /* TabContainer.swift in Sources */ = {isa = PBXBuildFile; fileRef = D5163E8B2728108A00DF09D0 /* TabContainer.swift */; };
		D5325FBB272B9C37007FAFED /* CloudKitHelper.swift in Sources */ = {isa = PBXBuildFile; fileRef = D5325FBA272B9C37007FAFED /* CloudKitHelper.swift */; };
		D5325FBD272BA812007FAFED /* AtemisBackendTest.swift in Sources */ = {isa = PBXBuildFile; fileRef = D5325FBC272BA812007FAFED /* AtemisBackendTest.swift */; };
		D5325FC0272D0AFB007FAFED /* NewUserAccount.swift in Sources */ = {isa = PBXBuildFile; fileRef = D5325FBF272D0AFB007FAFED /* NewUserAccount.swift */; };
		D5494AD4272F458300DA1CF7 /* CKCrudOperators.swift in Sources */ = {isa = PBXBuildFile; fileRef = D5494AD3272F458300DA1CF7 /* CKCrudOperators.swift */; };
		D5494AD8272FA8EA00DA1CF7 /* PreOnboardingView.swift in Sources */ = {isa = PBXBuildFile; fileRef = D5494AD7272FA8EA00DA1CF7 /* PreOnboardingView.swift */; };
		D5494ADC272FB6CB00DA1CF7 /* LoginView.swift in Sources */ = {isa = PBXBuildFile; fileRef = D5494ADB272FB6CB00DA1CF7 /* LoginView.swift */; };
		D5494ADE272FB6D600DA1CF7 /* SignUpView.swift in Sources */ = {isa = PBXBuildFile; fileRef = D5494ADD272FB6D600DA1CF7 /* SignUpView.swift */; };
		D5494AE1272FFA5E00DA1CF7 /* SetNicknameView.swift in Sources */ = {isa = PBXBuildFile; fileRef = D5494AE0272FFA5E00DA1CF7 /* SetNicknameView.swift */; };
		D5494AE3272FFB6200DA1CF7 /* LoginViewModel.swift in Sources */ = {isa = PBXBuildFile; fileRef = D5494AE2272FFB6200DA1CF7 /* LoginViewModel.swift */; };
		D5494AE6272FFC1700DA1CF7 /* PreOnboardingViewModel.swift in Sources */ = {isa = PBXBuildFile; fileRef = D5494AE5272FFC1700DA1CF7 /* PreOnboardingViewModel.swift */; };
		D5494AE8272FFC3400DA1CF7 /* SignUpViewModel.swift in Sources */ = {isa = PBXBuildFile; fileRef = D5494AE7272FFC3400DA1CF7 /* SignUpViewModel.swift */; };
		E29FCB2B272FA28400721FFD /* UDHelper.swift in Sources */ = {isa = PBXBuildFile; fileRef = E29FCB2A272FA28400721FFD /* UDHelper.swift */; };
/* End PBXBuildFile section */

/* Begin PBXContainerItemProxy section */
		D5163E4B2727FF9800DF09D0 /* PBXContainerItemProxy */ = {
			isa = PBXContainerItemProxy;
			containerPortal = D5163E2D2727FF9600DF09D0 /* Project object */;
			proxyType = 1;
			remoteGlobalIDString = D5163E342727FF9600DF09D0;
			remoteInfo = Atemis;
		};
		D5163E552727FF9800DF09D0 /* PBXContainerItemProxy */ = {
			isa = PBXContainerItemProxy;
			containerPortal = D5163E2D2727FF9600DF09D0 /* Project object */;
			proxyType = 1;
			remoteGlobalIDString = D5163E342727FF9600DF09D0;
			remoteInfo = Atemis;
		};
/* End PBXContainerItemProxy section */

/* Begin PBXFileReference section */
		2BC93CCB4E8FC2C43D959059 /* Pods-AtemisTests.debug.xcconfig */ = {isa = PBXFileReference; includeInIndex = 1; lastKnownFileType = text.xcconfig; name = "Pods-AtemisTests.debug.xcconfig"; path = "Target Support Files/Pods-AtemisTests/Pods-AtemisTests.debug.xcconfig"; sourceTree = "<group>"; };
		3044E524DD989E0FADFFE74E /* Pods_Atemis.framework */ = {isa = PBXFileReference; explicitFileType = wrapper.framework; includeInIndex = 0; path = Pods_Atemis.framework; sourceTree = BUILT_PRODUCTS_DIR; };
		A8AB8EA8E36044F34B7E1775 /* Pods-Atemis-AtemisUITests.debug.xcconfig */ = {isa = PBXFileReference; includeInIndex = 1; lastKnownFileType = text.xcconfig; name = "Pods-Atemis-AtemisUITests.debug.xcconfig"; path = "Target Support Files/Pods-Atemis-AtemisUITests/Pods-Atemis-AtemisUITests.debug.xcconfig"; sourceTree = "<group>"; };
		B9A70AABB20A29DC933AF128 /* Pods-Atemis.debug.xcconfig */ = {isa = PBXFileReference; includeInIndex = 1; lastKnownFileType = text.xcconfig; name = "Pods-Atemis.debug.xcconfig"; path = "Target Support Files/Pods-Atemis/Pods-Atemis.debug.xcconfig"; sourceTree = "<group>"; };
		BFF72F6994F7C7D4384D18FB /* Pods_AtemisTests.framework */ = {isa = PBXFileReference; explicitFileType = wrapper.framework; includeInIndex = 0; path = Pods_AtemisTests.framework; sourceTree = BUILT_PRODUCTS_DIR; };
		C0CF15F140C55B3EF8ABEA2F /* Pods_Atemis_AtemisUITests.framework */ = {isa = PBXFileReference; explicitFileType = wrapper.framework; includeInIndex = 0; path = Pods_Atemis_AtemisUITests.framework; sourceTree = BUILT_PRODUCTS_DIR; };
		C586B15CA472B92EA3D3F73E /* Pods-Atemis.release.xcconfig */ = {isa = PBXFileReference; includeInIndex = 1; lastKnownFileType = text.xcconfig; name = "Pods-Atemis.release.xcconfig"; path = "Target Support Files/Pods-Atemis/Pods-Atemis.release.xcconfig"; sourceTree = "<group>"; };
		D5163E352727FF9600DF09D0 /* Atemis.app */ = {isa = PBXFileReference; explicitFileType = wrapper.application; includeInIndex = 0; path = Atemis.app; sourceTree = BUILT_PRODUCTS_DIR; };
		D5163E382727FF9600DF09D0 /* AtemisApp.swift */ = {isa = PBXFileReference; lastKnownFileType = sourcecode.swift; path = AtemisApp.swift; sourceTree = "<group>"; };
		D5163E3C2727FF9800DF09D0 /* Assets.xcassets */ = {isa = PBXFileReference; lastKnownFileType = folder.assetcatalog; path = Assets.xcassets; sourceTree = "<group>"; };
		D5163E3F2727FF9800DF09D0 /* Preview Assets.xcassets */ = {isa = PBXFileReference; lastKnownFileType = folder.assetcatalog; path = "Preview Assets.xcassets"; sourceTree = "<group>"; };
		D5163E412727FF9800DF09D0 /* Persistence.swift */ = {isa = PBXFileReference; lastKnownFileType = sourcecode.swift; path = Persistence.swift; sourceTree = "<group>"; };
		D5163E442727FF9800DF09D0 /* Atemis.xcdatamodel */ = {isa = PBXFileReference; lastKnownFileType = wrapper.xcdatamodel; path = Atemis.xcdatamodel; sourceTree = "<group>"; };
		D5163E4A2727FF9800DF09D0 /* AtemisTests.xctest */ = {isa = PBXFileReference; explicitFileType = wrapper.cfbundle; includeInIndex = 0; path = AtemisTests.xctest; sourceTree = BUILT_PRODUCTS_DIR; };
		D5163E4E2727FF9800DF09D0 /* AtemisTests.swift */ = {isa = PBXFileReference; lastKnownFileType = sourcecode.swift; path = AtemisTests.swift; sourceTree = "<group>"; };
		D5163E542727FF9800DF09D0 /* AtemisUITests.xctest */ = {isa = PBXFileReference; explicitFileType = wrapper.cfbundle; includeInIndex = 0; path = AtemisUITests.xctest; sourceTree = BUILT_PRODUCTS_DIR; };
		D5163E582727FF9800DF09D0 /* AtemisUITests.swift */ = {isa = PBXFileReference; lastKnownFileType = sourcecode.swift; path = AtemisUITests.swift; sourceTree = "<group>"; };
		D5163E5A2727FF9800DF09D0 /* AtemisUITestsLaunchTests.swift */ = {isa = PBXFileReference; lastKnownFileType = sourcecode.swift; path = AtemisUITestsLaunchTests.swift; sourceTree = "<group>"; };
		D5163E6C272803C100DF09D0 /* Atemis.entitlements */ = {isa = PBXFileReference; lastKnownFileType = text.plist.entitlements; path = Atemis.entitlements; sourceTree = "<group>"; };
		D5163E6E272803F100DF09D0 /* CloudKit.framework */ = {isa = PBXFileReference; lastKnownFileType = wrapper.framework; name = CloudKit.framework; path = System/Library/Frameworks/CloudKit.framework; sourceTree = SDKROOT; };
		D5163E702728045900DF09D0 /* Info.plist */ = {isa = PBXFileReference; lastKnownFileType = text.plist.xml; path = Info.plist; sourceTree = "<group>"; };
		D5163E7F2728098E00DF09D0 /* Avenir.ttc */ = {isa = PBXFileReference; lastKnownFileType = file; path = Avenir.ttc; sourceTree = "<group>"; };
		D5163E8027280CBD00DF09D0 /* Lexend.ttf */ = {isa = PBXFileReference; lastKnownFileType = file; path = Lexend.ttf; sourceTree = "<group>"; };
		D5163E8327280E3000DF09D0 /* ExampleCV.swift */ = {isa = PBXFileReference; lastKnownFileType = sourcecode.swift; path = ExampleCV.swift; sourceTree = "<group>"; };
		D5163E8827280F9A00DF09D0 /* Extensions.swift */ = {isa = PBXFileReference; lastKnownFileType = sourcecode.swift; path = Extensions.swift; sourceTree = "<group>"; };
		D5163E8B2728108A00DF09D0 /* TabContainer.swift */ = {isa = PBXFileReference; lastKnownFileType = sourcecode.swift; path = TabContainer.swift; sourceTree = "<group>"; };
		D5325FBA272B9C37007FAFED /* CloudKitHelper.swift */ = {isa = PBXFileReference; lastKnownFileType = sourcecode.swift; path = CloudKitHelper.swift; sourceTree = "<group>"; };
		D5325FBC272BA812007FAFED /* AtemisBackendTest.swift */ = {isa = PBXFileReference; lastKnownFileType = sourcecode.swift; path = AtemisBackendTest.swift; sourceTree = "<group>"; };
		D5325FBF272D0AFB007FAFED /* NewUserAccount.swift */ = {isa = PBXFileReference; lastKnownFileType = sourcecode.swift; path = NewUserAccount.swift; sourceTree = "<group>"; };
		D5494AD3272F458300DA1CF7 /* CKCrudOperators.swift */ = {isa = PBXFileReference; lastKnownFileType = sourcecode.swift; path = CKCrudOperators.swift; sourceTree = "<group>"; };
		D5494AD7272FA8EA00DA1CF7 /* PreOnboardingView.swift */ = {isa = PBXFileReference; lastKnownFileType = sourcecode.swift; path = PreOnboardingView.swift; sourceTree = "<group>"; };
		D5494ADB272FB6CB00DA1CF7 /* LoginView.swift */ = {isa = PBXFileReference; lastKnownFileType = sourcecode.swift; path = LoginView.swift; sourceTree = "<group>"; };
		D5494ADD272FB6D600DA1CF7 /* SignUpView.swift */ = {isa = PBXFileReference; lastKnownFileType = sourcecode.swift; path = SignUpView.swift; sourceTree = "<group>"; };
		D5494AE0272FFA5E00DA1CF7 /* SetNicknameView.swift */ = {isa = PBXFileReference; lastKnownFileType = sourcecode.swift; path = SetNicknameView.swift; sourceTree = "<group>"; };
		D5494AE2272FFB6200DA1CF7 /* LoginViewModel.swift */ = {isa = PBXFileReference; lastKnownFileType = sourcecode.swift; path = LoginViewModel.swift; sourceTree = "<group>"; };
		D5494AE5272FFC1700DA1CF7 /* PreOnboardingViewModel.swift */ = {isa = PBXFileReference; lastKnownFileType = sourcecode.swift; path = PreOnboardingViewModel.swift; sourceTree = "<group>"; };
		D5494AE7272FFC3400DA1CF7 /* SignUpViewModel.swift */ = {isa = PBXFileReference; lastKnownFileType = sourcecode.swift; path = SignUpViewModel.swift; sourceTree = "<group>"; };
		E29FCB2A272FA28400721FFD /* UDHelper.swift */ = {isa = PBXFileReference; lastKnownFileType = sourcecode.swift; path = UDHelper.swift; sourceTree = "<group>"; };
		E3405A88C5CCA11CBFD1BC58 /* Pods-Atemis-AtemisUITests.release.xcconfig */ = {isa = PBXFileReference; includeInIndex = 1; lastKnownFileType = text.xcconfig; name = "Pods-Atemis-AtemisUITests.release.xcconfig"; path = "Target Support Files/Pods-Atemis-AtemisUITests/Pods-Atemis-AtemisUITests.release.xcconfig"; sourceTree = "<group>"; };
		F64F7D9A7DE64CAA4AC483F2 /* Pods-AtemisTests.release.xcconfig */ = {isa = PBXFileReference; includeInIndex = 1; lastKnownFileType = text.xcconfig; name = "Pods-AtemisTests.release.xcconfig"; path = "Target Support Files/Pods-AtemisTests/Pods-AtemisTests.release.xcconfig"; sourceTree = "<group>"; };
/* End PBXFileReference section */

/* Begin PBXFrameworksBuildPhase section */
		D5163E322727FF9600DF09D0 /* Frameworks */ = {
			isa = PBXFrameworksBuildPhase;
			buildActionMask = 2147483647;
			files = (
				D5163E6F272803F100DF09D0 /* CloudKit.framework in Frameworks */,
				763817485E142AAB095D9134 /* Pods_Atemis.framework in Frameworks */,
			);
			runOnlyForDeploymentPostprocessing = 0;
		};
		D5163E472727FF9800DF09D0 /* Frameworks */ = {
			isa = PBXFrameworksBuildPhase;
			buildActionMask = 2147483647;
			files = (
				299A0E3F16B01D59EC828C0C /* Pods_AtemisTests.framework in Frameworks */,
			);
			runOnlyForDeploymentPostprocessing = 0;
		};
		D5163E512727FF9800DF09D0 /* Frameworks */ = {
			isa = PBXFrameworksBuildPhase;
			buildActionMask = 2147483647;
			files = (
				ADE6EDF580FD2D1242EAC883 /* Pods_Atemis_AtemisUITests.framework in Frameworks */,
			);
			runOnlyForDeploymentPostprocessing = 0;
		};
/* End PBXFrameworksBuildPhase section */

/* Begin PBXGroup section */
		1B22AD4D29613CFF3E829459 /* Pods */ = {
			isa = PBXGroup;
			children = (
				B9A70AABB20A29DC933AF128 /* Pods-Atemis.debug.xcconfig */,
				C586B15CA472B92EA3D3F73E /* Pods-Atemis.release.xcconfig */,
				A8AB8EA8E36044F34B7E1775 /* Pods-Atemis-AtemisUITests.debug.xcconfig */,
				E3405A88C5CCA11CBFD1BC58 /* Pods-Atemis-AtemisUITests.release.xcconfig */,
				2BC93CCB4E8FC2C43D959059 /* Pods-AtemisTests.debug.xcconfig */,
				F64F7D9A7DE64CAA4AC483F2 /* Pods-AtemisTests.release.xcconfig */,
			);
			path = Pods;
			sourceTree = "<group>";
		};
		D5163E2C2727FF9600DF09D0 = {
			isa = PBXGroup;
			children = (
				D5163E372727FF9600DF09D0 /* Atemis */,
				D5163E4D2727FF9800DF09D0 /* AtemisTests */,
				D5163E572727FF9800DF09D0 /* AtemisUITests */,
				D5163E362727FF9600DF09D0 /* Products */,
				D5163E6D272803F100DF09D0 /* Frameworks */,
				1B22AD4D29613CFF3E829459 /* Pods */,
			);
			sourceTree = "<group>";
		};
		D5163E362727FF9600DF09D0 /* Products */ = {
			isa = PBXGroup;
			children = (
				D5163E352727FF9600DF09D0 /* Atemis.app */,
				D5163E4A2727FF9800DF09D0 /* AtemisTests.xctest */,
				D5163E542727FF9800DF09D0 /* AtemisUITests.xctest */,
			);
			name = Products;
			sourceTree = "<group>";
		};
		D5163E372727FF9600DF09D0 /* Atemis */ = {
			isa = PBXGroup;
			children = (
				D5163E712728049D00DF09D0 /* Supporting Files */,
				D5163E67272802CE00DF09D0 /* Models */,
				D5163E68272802D400DF09D0 /* Application */,
				D5163E69272802EA00DF09D0 /* Assets */,
				D5163E3E2727FF9800DF09D0 /* Preview Content */,
			);
			path = Atemis;
			sourceTree = "<group>";
		};
		D5163E3E2727FF9800DF09D0 /* Preview Content */ = {
			isa = PBXGroup;
			children = (
				D5163E3F2727FF9800DF09D0 /* Preview Assets.xcassets */,
			);
			path = "Preview Content";
			sourceTree = "<group>";
		};
		D5163E4D2727FF9800DF09D0 /* AtemisTests */ = {
			isa = PBXGroup;
			children = (
				D5163E4E2727FF9800DF09D0 /* AtemisTests.swift */,
				D5325FBC272BA812007FAFED /* AtemisBackendTest.swift */,
			);
			path = AtemisTests;
			sourceTree = "<group>";
		};
		D5163E572727FF9800DF09D0 /* AtemisUITests */ = {
			isa = PBXGroup;
			children = (
				D5163E582727FF9800DF09D0 /* AtemisUITests.swift */,
				D5163E5A2727FF9800DF09D0 /* AtemisUITestsLaunchTests.swift */,
			);
			path = AtemisUITests;
			sourceTree = "<group>";
		};
		D5163E67272802CE00DF09D0 /* Models */ = {
			isa = PBXGroup;
			children = (
				D5325FBE272D0AE7007FAFED /* CloudKitModels */,
				D5163E6B272803AE00DF09D0 /* Core Data */,
			);
			path = Models;
			sourceTree = "<group>";
		};
		D5163E68272802D400DF09D0 /* Application */ = {
			isa = PBXGroup;
			children = (
				D5163E8127280E0B00DF09D0 /* Common */,
				D5163E6A2728031700DF09D0 /* Main */,
				D5494AD5272F9FE700DA1CF7 /* LoginRegisterPage */,
				D5163E8527280E4900DF09D0 /* Extensions */,
			);
			path = Application;
			sourceTree = "<group>";
		};
		D5163E69272802EA00DF09D0 /* Assets */ = {
			isa = PBXGroup;
			children = (
				D5163E722728076E00DF09D0 /* Custom Fonts */,
				D5163E3C2727FF9800DF09D0 /* Assets.xcassets */,
			);
			path = Assets;
			sourceTree = "<group>";
		};
		D5163E6A2728031700DF09D0 /* Main */ = {
			isa = PBXGroup;
			children = (
				D5163E382727FF9600DF09D0 /* AtemisApp.swift */,
				D5163E8B2728108A00DF09D0 /* TabContainer.swift */,
			);
			path = Main;
			sourceTree = "<group>";
		};
		D5163E6B272803AE00DF09D0 /* Core Data */ = {
			isa = PBXGroup;
			children = (
				D5163E412727FF9800DF09D0 /* Persistence.swift */,
				D5163E432727FF9800DF09D0 /* Atemis.xcdatamodeld */,
			);
			path = "Core Data";
			sourceTree = "<group>";
		};
		D5163E6D272803F100DF09D0 /* Frameworks */ = {
			isa = PBXGroup;
			children = (
				D5163E6E272803F100DF09D0 /* CloudKit.framework */,
				3044E524DD989E0FADFFE74E /* Pods_Atemis.framework */,
				C0CF15F140C55B3EF8ABEA2F /* Pods_Atemis_AtemisUITests.framework */,
				BFF72F6994F7C7D4384D18FB /* Pods_AtemisTests.framework */,
			);
			name = Frameworks;
			sourceTree = "<group>";
		};
		D5163E712728049D00DF09D0 /* Supporting Files */ = {
			isa = PBXGroup;
			children = (
				D5163E702728045900DF09D0 /* Info.plist */,
				D5163E6C272803C100DF09D0 /* Atemis.entitlements */,
			);
			path = "Supporting Files";
			sourceTree = "<group>";
		};
		D5163E722728076E00DF09D0 /* Custom Fonts */ = {
			isa = PBXGroup;
			children = (
				D5163E8027280CBD00DF09D0 /* Lexend.ttf */,
				D5163E7F2728098E00DF09D0 /* Avenir.ttc */,
			);
			path = "Custom Fonts";
			sourceTree = "<group>";
		};
		D5163E8127280E0B00DF09D0 /* Common */ = {
			isa = PBXGroup;
			children = (
				D5325FB9272B99A9007FAFED /* CloudKit Helpers */,
				E29FCB29272FA26400721FFD /* UserDefault */,
				D5163E8227280E1600DF09D0 /* Custom Views */,
			);
			path = Common;
			sourceTree = "<group>";
		};
		D5163E8227280E1600DF09D0 /* Custom Views */ = {
			isa = PBXGroup;
			children = (
				D5163E8327280E3000DF09D0 /* ExampleCV.swift */,
			);
			path = "Custom Views";
			sourceTree = "<group>";
		};
		D5163E8527280E4900DF09D0 /* Extensions */ = {
			isa = PBXGroup;
			children = (
				D5163E8827280F9A00DF09D0 /* Extensions.swift */,
			);
			path = Extensions;
			sourceTree = "<group>";
		};
		D5325FB9272B99A9007FAFED /* CloudKit Helpers */ = {
			isa = PBXGroup;
			children = (
				D5325FBA272B9C37007FAFED /* CloudKitHelper.swift */,
				D5494AD3272F458300DA1CF7 /* CKCrudOperators.swift */,
			);
			path = "CloudKit Helpers";
			sourceTree = "<group>";
		};
		D5325FBE272D0AE7007FAFED /* CloudKitModels */ = {
			isa = PBXGroup;
			children = (
				D5325FBF272D0AFB007FAFED /* NewUserAccount.swift */,
			);
			path = CloudKitModels;
			sourceTree = "<group>";
		};
		D5494AD5272F9FE700DA1CF7 /* LoginRegisterPage */ = {
			isa = PBXGroup;
			children = (
				D5494ADF272FFA3D00DA1CF7 /* Set Nickname */,
				D5494ADA272FAA9100DA1CF7 /* Sign Up */,
				D5494AD9272FAA8B00DA1CF7 /* Login */,
				D5494AD6272FA8BE00DA1CF7 /* Pre Onboarding Page */,
			);
			path = LoginRegisterPage;
			sourceTree = "<group>";
		};
		D5494AD6272FA8BE00DA1CF7 /* Pre Onboarding Page */ = {
			isa = PBXGroup;
			children = (
				D5494AD7272FA8EA00DA1CF7 /* PreOnboardingView.swift */,
				D5494AE5272FFC1700DA1CF7 /* PreOnboardingViewModel.swift */,
			);
			path = "Pre Onboarding Page";
			sourceTree = "<group>";
		};
		D5494AD9272FAA8B00DA1CF7 /* Login */ = {
			isa = PBXGroup;
			children = (
				D5494ADB272FB6CB00DA1CF7 /* LoginView.swift */,
				D5494AE2272FFB6200DA1CF7 /* LoginViewModel.swift */,
			);
			path = Login;
			sourceTree = "<group>";
		};
		D5494ADA272FAA9100DA1CF7 /* Sign Up */ = {
			isa = PBXGroup;
			children = (
				D5494ADD272FB6D600DA1CF7 /* SignUpView.swift */,
				D5494AE7272FFC3400DA1CF7 /* SignUpViewModel.swift */,
			);
			path = "Sign Up";
			sourceTree = "<group>";
		};
		D5494ADF272FFA3D00DA1CF7 /* Set Nickname */ = {
			isa = PBXGroup;
			children = (
				D5494AE0272FFA5E00DA1CF7 /* SetNicknameView.swift */,
			);
			path = "Set Nickname";
			sourceTree = "<group>";
		};
		E29FCB29272FA26400721FFD /* UserDefault */ = {
			isa = PBXGroup;
			children = (
				E29FCB2A272FA28400721FFD /* UDHelper.swift */,
			);
			path = UserDefault;
			sourceTree = "<group>";
		};
/* End PBXGroup section */

/* Begin PBXNativeTarget section */
		D5163E342727FF9600DF09D0 /* Atemis */ = {
			isa = PBXNativeTarget;
			buildConfigurationList = D5163E5E2727FF9800DF09D0 /* Build configuration list for PBXNativeTarget "Atemis" */;
			buildPhases = (
				029A646C85BC86A2BA4E96C5 /* [CP] Check Pods Manifest.lock */,
				D5163E312727FF9600DF09D0 /* Sources */,
				D5163E322727FF9600DF09D0 /* Frameworks */,
				D5163E332727FF9600DF09D0 /* Resources */,
				9D0BDB48A296700C562B6A8C /* [CP] Embed Pods Frameworks */,
				D5298F57272A83AF00A75D10 /* ShellScript */,
			);
			buildRules = (
			);
			dependencies = (
			);
			name = Atemis;
			productName = Atemis;
			productReference = D5163E352727FF9600DF09D0 /* Atemis.app */;
			productType = "com.apple.product-type.application";
		};
		D5163E492727FF9800DF09D0 /* AtemisTests */ = {
			isa = PBXNativeTarget;
			buildConfigurationList = D5163E612727FF9800DF09D0 /* Build configuration list for PBXNativeTarget "AtemisTests" */;
			buildPhases = (
				A06E2D1B0DC33A759EE08DBB /* [CP] Check Pods Manifest.lock */,
				D5163E462727FF9800DF09D0 /* Sources */,
				D5163E472727FF9800DF09D0 /* Frameworks */,
				D5163E482727FF9800DF09D0 /* Resources */,
			);
			buildRules = (
			);
			dependencies = (
				D5163E4C2727FF9800DF09D0 /* PBXTargetDependency */,
			);
			name = AtemisTests;
			productName = AtemisTests;
			productReference = D5163E4A2727FF9800DF09D0 /* AtemisTests.xctest */;
			productType = "com.apple.product-type.bundle.unit-test";
		};
		D5163E532727FF9800DF09D0 /* AtemisUITests */ = {
			isa = PBXNativeTarget;
			buildConfigurationList = D5163E642727FF9800DF09D0 /* Build configuration list for PBXNativeTarget "AtemisUITests" */;
			buildPhases = (
				9EA90E16CE5F0D0A50781B6D /* [CP] Check Pods Manifest.lock */,
				D5163E502727FF9800DF09D0 /* Sources */,
				D5163E512727FF9800DF09D0 /* Frameworks */,
				D5163E522727FF9800DF09D0 /* Resources */,
				3E45E0295E35E68DF1BD7C73 /* [CP] Embed Pods Frameworks */,
			);
			buildRules = (
			);
			dependencies = (
				D5163E562727FF9800DF09D0 /* PBXTargetDependency */,
			);
			name = AtemisUITests;
			productName = AtemisUITests;
			productReference = D5163E542727FF9800DF09D0 /* AtemisUITests.xctest */;
			productType = "com.apple.product-type.bundle.ui-testing";
		};
/* End PBXNativeTarget section */

/* Begin PBXProject section */
		D5163E2D2727FF9600DF09D0 /* Project object */ = {
			isa = PBXProject;
			attributes = {
				BuildIndependentTargetsInParallel = 1;
				LastSwiftUpdateCheck = 1310;
				LastUpgradeCheck = 1310;
				TargetAttributes = {
					D5163E342727FF9600DF09D0 = {
						CreatedOnToolsVersion = 13.1;
					};
					D5163E492727FF9800DF09D0 = {
						CreatedOnToolsVersion = 13.1;
						TestTargetID = D5163E342727FF9600DF09D0;
					};
					D5163E532727FF9800DF09D0 = {
						CreatedOnToolsVersion = 13.1;
						TestTargetID = D5163E342727FF9600DF09D0;
					};
				};
			};
			buildConfigurationList = D5163E302727FF9600DF09D0 /* Build configuration list for PBXProject "Atemis" */;
			compatibilityVersion = "Xcode 13.0";
			developmentRegion = en;
			hasScannedForEncodings = 0;
			knownRegions = (
				en,
				Base,
			);
			mainGroup = D5163E2C2727FF9600DF09D0;
			productRefGroup = D5163E362727FF9600DF09D0 /* Products */;
			projectDirPath = "";
			projectRoot = "";
			targets = (
				D5163E342727FF9600DF09D0 /* Atemis */,
				D5163E492727FF9800DF09D0 /* AtemisTests */,
				D5163E532727FF9800DF09D0 /* AtemisUITests */,
			);
		};
/* End PBXProject section */

/* Begin PBXResourcesBuildPhase section */
		D5163E332727FF9600DF09D0 /* Resources */ = {
			isa = PBXResourcesBuildPhase;
			buildActionMask = 2147483647;
			files = (
				D5163E8727280F6E00DF09D0 /* Avenir.ttc in Resources */,
				D5163E402727FF9800DF09D0 /* Preview Assets.xcassets in Resources */,
				D5163E8627280F6400DF09D0 /* Lexend.ttf in Resources */,
				D5163E3D2727FF9800DF09D0 /* Assets.xcassets in Resources */,
			);
			runOnlyForDeploymentPostprocessing = 0;
		};
		D5163E482727FF9800DF09D0 /* Resources */ = {
			isa = PBXResourcesBuildPhase;
			buildActionMask = 2147483647;
			files = (
			);
			runOnlyForDeploymentPostprocessing = 0;
		};
		D5163E522727FF9800DF09D0 /* Resources */ = {
			isa = PBXResourcesBuildPhase;
			buildActionMask = 2147483647;
			files = (
			);
			runOnlyForDeploymentPostprocessing = 0;
		};
/* End PBXResourcesBuildPhase section */

/* Begin PBXShellScriptBuildPhase section */
		029A646C85BC86A2BA4E96C5 /* [CP] Check Pods Manifest.lock */ = {
			isa = PBXShellScriptBuildPhase;
			buildActionMask = 2147483647;
			files = (
			);
			inputFileListPaths = (
			);
			inputPaths = (
				"${PODS_PODFILE_DIR_PATH}/Podfile.lock",
				"${PODS_ROOT}/Manifest.lock",
			);
			name = "[CP] Check Pods Manifest.lock";
			outputFileListPaths = (
			);
			outputPaths = (
				"$(DERIVED_FILE_DIR)/Pods-Atemis-checkManifestLockResult.txt",
			);
			runOnlyForDeploymentPostprocessing = 0;
			shellPath = /bin/sh;
			shellScript = "diff \"${PODS_PODFILE_DIR_PATH}/Podfile.lock\" \"${PODS_ROOT}/Manifest.lock\" > /dev/null\nif [ $? != 0 ] ; then\n    # print error to STDERR\n    echo \"error: The sandbox is not in sync with the Podfile.lock. Run 'pod install' or update your CocoaPods installation.\" >&2\n    exit 1\nfi\n# This output is used by Xcode 'outputs' to avoid re-running this script phase.\necho \"SUCCESS\" > \"${SCRIPT_OUTPUT_FILE_0}\"\n";
			showEnvVarsInLog = 0;
		};
		3E45E0295E35E68DF1BD7C73 /* [CP] Embed Pods Frameworks */ = {
			isa = PBXShellScriptBuildPhase;
			buildActionMask = 2147483647;
			files = (
			);
			inputFileListPaths = (
				"${PODS_ROOT}/Target Support Files/Pods-Atemis-AtemisUITests/Pods-Atemis-AtemisUITests-frameworks-${CONFIGURATION}-input-files.xcfilelist",
			);
			name = "[CP] Embed Pods Frameworks";
			outputFileListPaths = (
				"${PODS_ROOT}/Target Support Files/Pods-Atemis-AtemisUITests/Pods-Atemis-AtemisUITests-frameworks-${CONFIGURATION}-output-files.xcfilelist",
			);
			runOnlyForDeploymentPostprocessing = 0;
			shellPath = /bin/sh;
			shellScript = "\"${PODS_ROOT}/Target Support Files/Pods-Atemis-AtemisUITests/Pods-Atemis-AtemisUITests-frameworks.sh\"\n";
			showEnvVarsInLog = 0;
		};
		9D0BDB48A296700C562B6A8C /* [CP] Embed Pods Frameworks */ = {
			isa = PBXShellScriptBuildPhase;
			buildActionMask = 2147483647;
			files = (
			);
			inputFileListPaths = (
				"${PODS_ROOT}/Target Support Files/Pods-Atemis/Pods-Atemis-frameworks-${CONFIGURATION}-input-files.xcfilelist",
			);
			name = "[CP] Embed Pods Frameworks";
			outputFileListPaths = (
				"${PODS_ROOT}/Target Support Files/Pods-Atemis/Pods-Atemis-frameworks-${CONFIGURATION}-output-files.xcfilelist",
			);
			runOnlyForDeploymentPostprocessing = 0;
			shellPath = /bin/sh;
			shellScript = "\"${PODS_ROOT}/Target Support Files/Pods-Atemis/Pods-Atemis-frameworks.sh\"\n";
			showEnvVarsInLog = 0;
		};
		9EA90E16CE5F0D0A50781B6D /* [CP] Check Pods Manifest.lock */ = {
			isa = PBXShellScriptBuildPhase;
			buildActionMask = 2147483647;
			files = (
			);
			inputFileListPaths = (
			);
			inputPaths = (
				"${PODS_PODFILE_DIR_PATH}/Podfile.lock",
				"${PODS_ROOT}/Manifest.lock",
			);
			name = "[CP] Check Pods Manifest.lock";
			outputFileListPaths = (
			);
			outputPaths = (
				"$(DERIVED_FILE_DIR)/Pods-Atemis-AtemisUITests-checkManifestLockResult.txt",
			);
			runOnlyForDeploymentPostprocessing = 0;
			shellPath = /bin/sh;
			shellScript = "diff \"${PODS_PODFILE_DIR_PATH}/Podfile.lock\" \"${PODS_ROOT}/Manifest.lock\" > /dev/null\nif [ $? != 0 ] ; then\n    # print error to STDERR\n    echo \"error: The sandbox is not in sync with the Podfile.lock. Run 'pod install' or update your CocoaPods installation.\" >&2\n    exit 1\nfi\n# This output is used by Xcode 'outputs' to avoid re-running this script phase.\necho \"SUCCESS\" > \"${SCRIPT_OUTPUT_FILE_0}\"\n";
			showEnvVarsInLog = 0;
		};
		A06E2D1B0DC33A759EE08DBB /* [CP] Check Pods Manifest.lock */ = {
			isa = PBXShellScriptBuildPhase;
			buildActionMask = 2147483647;
			files = (
			);
			inputFileListPaths = (
			);
			inputPaths = (
				"${PODS_PODFILE_DIR_PATH}/Podfile.lock",
				"${PODS_ROOT}/Manifest.lock",
			);
			name = "[CP] Check Pods Manifest.lock";
			outputFileListPaths = (
			);
			outputPaths = (
				"$(DERIVED_FILE_DIR)/Pods-AtemisTests-checkManifestLockResult.txt",
			);
			runOnlyForDeploymentPostprocessing = 0;
			shellPath = /bin/sh;
			shellScript = "diff \"${PODS_PODFILE_DIR_PATH}/Podfile.lock\" \"${PODS_ROOT}/Manifest.lock\" > /dev/null\nif [ $? != 0 ] ; then\n    # print error to STDERR\n    echo \"error: The sandbox is not in sync with the Podfile.lock. Run 'pod install' or update your CocoaPods installation.\" >&2\n    exit 1\nfi\n# This output is used by Xcode 'outputs' to avoid re-running this script phase.\necho \"SUCCESS\" > \"${SCRIPT_OUTPUT_FILE_0}\"\n";
			showEnvVarsInLog = 0;
		};
		D5298F57272A83AF00A75D10 /* ShellScript */ = {
			isa = PBXShellScriptBuildPhase;
			buildActionMask = 2147483647;
			files = (
			);
			inputFileListPaths = (
			);
			inputPaths = (
			);
			outputFileListPaths = (
			);
			outputPaths = (
			);
			runOnlyForDeploymentPostprocessing = 0;
			shellPath = /bin/sh;
			shellScript = "# Type a script or drag a script file from your workspace to insert its path.\n\nif which swiftlint >/dev/null; then\n  swiftlint\nelse\n  echo \"warning: SwiftLint not installed, download from https://github.com/realm/SwiftLint\"\nfi\n";
		};
/* End PBXShellScriptBuildPhase section */

/* Begin PBXSourcesBuildPhase section */
		D5163E312727FF9600DF09D0 /* Sources */ = {
			isa = PBXSourcesBuildPhase;
			buildActionMask = 2147483647;
			files = (
				D5163E422727FF9800DF09D0 /* Persistence.swift in Sources */,
				D5494AD8272FA8EA00DA1CF7 /* PreOnboardingView.swift in Sources */,
				D5494AE8272FFC3400DA1CF7 /* SignUpViewModel.swift in Sources */,
				D5494AE1272FFA5E00DA1CF7 /* SetNicknameView.swift in Sources */,
				D5163E8927280F9A00DF09D0 /* Extensions.swift in Sources */,
				E29FCB2B272FA28400721FFD /* UDHelper.swift in Sources */,
				D5163E8427280E3000DF09D0 /* ExampleCV.swift in Sources */,
				D5494ADE272FB6D600DA1CF7 /* SignUpView.swift in Sources */,
				D5494AE3272FFB6200DA1CF7 /* LoginViewModel.swift in Sources */,
				D5325FBB272B9C37007FAFED /* CloudKitHelper.swift in Sources */,
				D5494AD4272F458300DA1CF7 /* CKCrudOperators.swift in Sources */,
				D5163E8C2728108A00DF09D0 /* TabContainer.swift in Sources */,
				D5325FC0272D0AFB007FAFED /* NewUserAccount.swift in Sources */,
				D5494ADC272FB6CB00DA1CF7 /* LoginView.swift in Sources */,
				D5494AE6272FFC1700DA1CF7 /* PreOnboardingViewModel.swift in Sources */,
				D5163E452727FF9800DF09D0 /* Atemis.xcdatamodeld in Sources */,
				D5163E392727FF9600DF09D0 /* AtemisApp.swift in Sources */,
			);
			runOnlyForDeploymentPostprocessing = 0;
		};
		D5163E462727FF9800DF09D0 /* Sources */ = {
			isa = PBXSourcesBuildPhase;
			buildActionMask = 2147483647;
			files = (
				D5163E4F2727FF9800DF09D0 /* AtemisTests.swift in Sources */,
				D5325FBD272BA812007FAFED /* AtemisBackendTest.swift in Sources */,
			);
			runOnlyForDeploymentPostprocessing = 0;
		};
		D5163E502727FF9800DF09D0 /* Sources */ = {
			isa = PBXSourcesBuildPhase;
			buildActionMask = 2147483647;
			files = (
				D5163E592727FF9800DF09D0 /* AtemisUITests.swift in Sources */,
				D5163E5B2727FF9800DF09D0 /* AtemisUITestsLaunchTests.swift in Sources */,
			);
			runOnlyForDeploymentPostprocessing = 0;
		};
/* End PBXSourcesBuildPhase section */

/* Begin PBXTargetDependency section */
		D5163E4C2727FF9800DF09D0 /* PBXTargetDependency */ = {
			isa = PBXTargetDependency;
			target = D5163E342727FF9600DF09D0 /* Atemis */;
			targetProxy = D5163E4B2727FF9800DF09D0 /* PBXContainerItemProxy */;
		};
		D5163E562727FF9800DF09D0 /* PBXTargetDependency */ = {
			isa = PBXTargetDependency;
			target = D5163E342727FF9600DF09D0 /* Atemis */;
			targetProxy = D5163E552727FF9800DF09D0 /* PBXContainerItemProxy */;
		};
/* End PBXTargetDependency section */

/* Begin XCBuildConfiguration section */
		D5163E5C2727FF9800DF09D0 /* Debug */ = {
			isa = XCBuildConfiguration;
			buildSettings = {
				ALWAYS_SEARCH_USER_PATHS = NO;
				CLANG_ANALYZER_NONNULL = YES;
				CLANG_ANALYZER_NUMBER_OBJECT_CONVERSION = YES_AGGRESSIVE;
				CLANG_CXX_LANGUAGE_STANDARD = "gnu++17";
				CLANG_CXX_LIBRARY = "libc++";
				CLANG_ENABLE_MODULES = YES;
				CLANG_ENABLE_OBJC_ARC = YES;
				CLANG_ENABLE_OBJC_WEAK = YES;
				CLANG_WARN_BLOCK_CAPTURE_AUTORELEASING = YES;
				CLANG_WARN_BOOL_CONVERSION = YES;
				CLANG_WARN_COMMA = YES;
				CLANG_WARN_CONSTANT_CONVERSION = YES;
				CLANG_WARN_DEPRECATED_OBJC_IMPLEMENTATIONS = YES;
				CLANG_WARN_DIRECT_OBJC_ISA_USAGE = YES_ERROR;
				CLANG_WARN_DOCUMENTATION_COMMENTS = YES;
				CLANG_WARN_EMPTY_BODY = YES;
				CLANG_WARN_ENUM_CONVERSION = YES;
				CLANG_WARN_INFINITE_RECURSION = YES;
				CLANG_WARN_INT_CONVERSION = YES;
				CLANG_WARN_NON_LITERAL_NULL_CONVERSION = YES;
				CLANG_WARN_OBJC_IMPLICIT_RETAIN_SELF = YES;
				CLANG_WARN_OBJC_LITERAL_CONVERSION = YES;
				CLANG_WARN_OBJC_ROOT_CLASS = YES_ERROR;
				CLANG_WARN_QUOTED_INCLUDE_IN_FRAMEWORK_HEADER = YES;
				CLANG_WARN_RANGE_LOOP_ANALYSIS = YES;
				CLANG_WARN_STRICT_PROTOTYPES = YES;
				CLANG_WARN_SUSPICIOUS_MOVE = YES;
				CLANG_WARN_UNGUARDED_AVAILABILITY = YES_AGGRESSIVE;
				CLANG_WARN_UNREACHABLE_CODE = YES;
				CLANG_WARN__DUPLICATE_METHOD_MATCH = YES;
				COPY_PHASE_STRIP = NO;
				DEBUG_INFORMATION_FORMAT = dwarf;
				ENABLE_STRICT_OBJC_MSGSEND = YES;
				ENABLE_TESTABILITY = YES;
				GCC_C_LANGUAGE_STANDARD = gnu11;
				GCC_DYNAMIC_NO_PIC = NO;
				GCC_NO_COMMON_BLOCKS = YES;
				GCC_OPTIMIZATION_LEVEL = 0;
				GCC_PREPROCESSOR_DEFINITIONS = (
					"DEBUG=1",
					"$(inherited)",
				);
				GCC_WARN_64_TO_32_BIT_CONVERSION = YES;
				GCC_WARN_ABOUT_RETURN_TYPE = YES_ERROR;
				GCC_WARN_UNDECLARED_SELECTOR = YES;
				GCC_WARN_UNINITIALIZED_AUTOS = YES_AGGRESSIVE;
				GCC_WARN_UNUSED_FUNCTION = YES;
				GCC_WARN_UNUSED_VARIABLE = YES;
				IPHONEOS_DEPLOYMENT_TARGET = 15.0;
				MTL_ENABLE_DEBUG_INFO = INCLUDE_SOURCE;
				MTL_FAST_MATH = YES;
				ONLY_ACTIVE_ARCH = YES;
				SDKROOT = iphoneos;
				SWIFT_ACTIVE_COMPILATION_CONDITIONS = DEBUG;
				SWIFT_OPTIMIZATION_LEVEL = "-Onone";
			};
			name = Debug;
		};
		D5163E5D2727FF9800DF09D0 /* Release */ = {
			isa = XCBuildConfiguration;
			buildSettings = {
				ALWAYS_SEARCH_USER_PATHS = NO;
				CLANG_ANALYZER_NONNULL = YES;
				CLANG_ANALYZER_NUMBER_OBJECT_CONVERSION = YES_AGGRESSIVE;
				CLANG_CXX_LANGUAGE_STANDARD = "gnu++17";
				CLANG_CXX_LIBRARY = "libc++";
				CLANG_ENABLE_MODULES = YES;
				CLANG_ENABLE_OBJC_ARC = YES;
				CLANG_ENABLE_OBJC_WEAK = YES;
				CLANG_WARN_BLOCK_CAPTURE_AUTORELEASING = YES;
				CLANG_WARN_BOOL_CONVERSION = YES;
				CLANG_WARN_COMMA = YES;
				CLANG_WARN_CONSTANT_CONVERSION = YES;
				CLANG_WARN_DEPRECATED_OBJC_IMPLEMENTATIONS = YES;
				CLANG_WARN_DIRECT_OBJC_ISA_USAGE = YES_ERROR;
				CLANG_WARN_DOCUMENTATION_COMMENTS = YES;
				CLANG_WARN_EMPTY_BODY = YES;
				CLANG_WARN_ENUM_CONVERSION = YES;
				CLANG_WARN_INFINITE_RECURSION = YES;
				CLANG_WARN_INT_CONVERSION = YES;
				CLANG_WARN_NON_LITERAL_NULL_CONVERSION = YES;
				CLANG_WARN_OBJC_IMPLICIT_RETAIN_SELF = YES;
				CLANG_WARN_OBJC_LITERAL_CONVERSION = YES;
				CLANG_WARN_OBJC_ROOT_CLASS = YES_ERROR;
				CLANG_WARN_QUOTED_INCLUDE_IN_FRAMEWORK_HEADER = YES;
				CLANG_WARN_RANGE_LOOP_ANALYSIS = YES;
				CLANG_WARN_STRICT_PROTOTYPES = YES;
				CLANG_WARN_SUSPICIOUS_MOVE = YES;
				CLANG_WARN_UNGUARDED_AVAILABILITY = YES_AGGRESSIVE;
				CLANG_WARN_UNREACHABLE_CODE = YES;
				CLANG_WARN__DUPLICATE_METHOD_MATCH = YES;
				COPY_PHASE_STRIP = NO;
				DEBUG_INFORMATION_FORMAT = "dwarf-with-dsym";
				ENABLE_NS_ASSERTIONS = NO;
				ENABLE_STRICT_OBJC_MSGSEND = YES;
				GCC_C_LANGUAGE_STANDARD = gnu11;
				GCC_NO_COMMON_BLOCKS = YES;
				GCC_WARN_64_TO_32_BIT_CONVERSION = YES;
				GCC_WARN_ABOUT_RETURN_TYPE = YES_ERROR;
				GCC_WARN_UNDECLARED_SELECTOR = YES;
				GCC_WARN_UNINITIALIZED_AUTOS = YES_AGGRESSIVE;
				GCC_WARN_UNUSED_FUNCTION = YES;
				GCC_WARN_UNUSED_VARIABLE = YES;
				IPHONEOS_DEPLOYMENT_TARGET = 15.0;
				MTL_ENABLE_DEBUG_INFO = NO;
				MTL_FAST_MATH = YES;
				SDKROOT = iphoneos;
				SWIFT_COMPILATION_MODE = wholemodule;
				SWIFT_OPTIMIZATION_LEVEL = "-O";
				VALIDATE_PRODUCT = YES;
			};
			name = Release;
		};
		D5163E5F2727FF9800DF09D0 /* Debug */ = {
			isa = XCBuildConfiguration;
			baseConfigurationReference = B9A70AABB20A29DC933AF128 /* Pods-Atemis.debug.xcconfig */;
			buildSettings = {
				ASSETCATALOG_COMPILER_APPICON_NAME = AppIcon;
				ASSETCATALOG_COMPILER_GLOBAL_ACCENT_COLOR_NAME = AccentColor;
				CODE_SIGN_ENTITLEMENTS = "Atemis/Supporting Files/Atemis.entitlements";
				CODE_SIGN_STYLE = Automatic;
				CURRENT_PROJECT_VERSION = 1;
				DEVELOPMENT_ASSET_PATHS = "\"Atemis/Preview Content\"";
				DEVELOPMENT_TEAM = SCZQ3M4JVY;
				ENABLE_PREVIEWS = YES;
				GENERATE_INFOPLIST_FILE = YES;
				INFOPLIST_FILE = "Atemis/Supporting Files/Info.plist";
				INFOPLIST_KEY_UIApplicationSceneManifest_Generation = YES;
				INFOPLIST_KEY_UIApplicationSupportsIndirectInputEvents = YES;
				INFOPLIST_KEY_UILaunchScreen_Generation = YES;
				INFOPLIST_KEY_UISupportedInterfaceOrientations_iPad = "UIInterfaceOrientationPortrait UIInterfaceOrientationPortraitUpsideDown UIInterfaceOrientationLandscapeLeft UIInterfaceOrientationLandscapeRight";
				INFOPLIST_KEY_UISupportedInterfaceOrientations_iPhone = "UIInterfaceOrientationPortrait UIInterfaceOrientationLandscapeLeft UIInterfaceOrientationLandscapeRight";
				LD_RUNPATH_SEARCH_PATHS = (
					"$(inherited)",
					"@executable_path/Frameworks",
				);
				MARKETING_VERSION = 1.0;
				PRODUCT_BUNDLE_IDENTIFIER = impraver.Atemis;
				PRODUCT_NAME = "$(TARGET_NAME)";
				SWIFT_EMIT_LOC_STRINGS = YES;
				SWIFT_VERSION = 5.0;
				TARGETED_DEVICE_FAMILY = 1;
			};
			name = Debug;
		};
		D5163E602727FF9800DF09D0 /* Release */ = {
			isa = XCBuildConfiguration;
			baseConfigurationReference = C586B15CA472B92EA3D3F73E /* Pods-Atemis.release.xcconfig */;
			buildSettings = {
				ASSETCATALOG_COMPILER_APPICON_NAME = AppIcon;
				ASSETCATALOG_COMPILER_GLOBAL_ACCENT_COLOR_NAME = AccentColor;
				CODE_SIGN_ENTITLEMENTS = "Atemis/Supporting Files/Atemis.entitlements";
				CODE_SIGN_STYLE = Automatic;
				CURRENT_PROJECT_VERSION = 1;
				DEVELOPMENT_ASSET_PATHS = "\"Atemis/Preview Content\"";
				DEVELOPMENT_TEAM = SCZQ3M4JVY;
				ENABLE_PREVIEWS = YES;
				GENERATE_INFOPLIST_FILE = YES;
				INFOPLIST_FILE = "Atemis/Supporting Files/Info.plist";
				INFOPLIST_KEY_UIApplicationSceneManifest_Generation = YES;
				INFOPLIST_KEY_UIApplicationSupportsIndirectInputEvents = YES;
				INFOPLIST_KEY_UILaunchScreen_Generation = YES;
				INFOPLIST_KEY_UISupportedInterfaceOrientations_iPad = "UIInterfaceOrientationPortrait UIInterfaceOrientationPortraitUpsideDown UIInterfaceOrientationLandscapeLeft UIInterfaceOrientationLandscapeRight";
				INFOPLIST_KEY_UISupportedInterfaceOrientations_iPhone = "UIInterfaceOrientationPortrait UIInterfaceOrientationLandscapeLeft UIInterfaceOrientationLandscapeRight";
				LD_RUNPATH_SEARCH_PATHS = (
					"$(inherited)",
					"@executable_path/Frameworks",
				);
				MARKETING_VERSION = 1.0;
				PRODUCT_BUNDLE_IDENTIFIER = impraver.Atemis;
				PRODUCT_NAME = "$(TARGET_NAME)";
				SWIFT_EMIT_LOC_STRINGS = YES;
				SWIFT_VERSION = 5.0;
				TARGETED_DEVICE_FAMILY = 1;
			};
			name = Release;
		};
		D5163E622727FF9800DF09D0 /* Debug */ = {
			isa = XCBuildConfiguration;
			baseConfigurationReference = 2BC93CCB4E8FC2C43D959059 /* Pods-AtemisTests.debug.xcconfig */;
			buildSettings = {
				ALWAYS_EMBED_SWIFT_STANDARD_LIBRARIES = YES;
				BUNDLE_LOADER = "$(TEST_HOST)";
				CODE_SIGN_STYLE = Automatic;
				CURRENT_PROJECT_VERSION = 1;
				DEVELOPMENT_TEAM = SCZQ3M4JVY;
				GENERATE_INFOPLIST_FILE = YES;
				IPHONEOS_DEPLOYMENT_TARGET = 15.0;
				LD_RUNPATH_SEARCH_PATHS = (
					"$(inherited)",
					"@executable_path/Frameworks",
					"@loader_path/Frameworks",
				);
				MARKETING_VERSION = 1.0;
				PRODUCT_BUNDLE_IDENTIFIER = impraver.AtemisTests;
				PRODUCT_NAME = "$(TARGET_NAME)";
				SWIFT_EMIT_LOC_STRINGS = NO;
				SWIFT_VERSION = 5.0;
				TARGETED_DEVICE_FAMILY = "1,2";
				TEST_HOST = "$(BUILT_PRODUCTS_DIR)/Atemis.app/Atemis";
			};
			name = Debug;
		};
		D5163E632727FF9800DF09D0 /* Release */ = {
			isa = XCBuildConfiguration;
			baseConfigurationReference = F64F7D9A7DE64CAA4AC483F2 /* Pods-AtemisTests.release.xcconfig */;
			buildSettings = {
				ALWAYS_EMBED_SWIFT_STANDARD_LIBRARIES = YES;
				BUNDLE_LOADER = "$(TEST_HOST)";
				CODE_SIGN_STYLE = Automatic;
				CURRENT_PROJECT_VERSION = 1;
				DEVELOPMENT_TEAM = SCZQ3M4JVY;
				GENERATE_INFOPLIST_FILE = YES;
				IPHONEOS_DEPLOYMENT_TARGET = 15.0;
				LD_RUNPATH_SEARCH_PATHS = (
					"$(inherited)",
					"@executable_path/Frameworks",
					"@loader_path/Frameworks",
				);
				MARKETING_VERSION = 1.0;
				PRODUCT_BUNDLE_IDENTIFIER = impraver.AtemisTests;
				PRODUCT_NAME = "$(TARGET_NAME)";
				SWIFT_EMIT_LOC_STRINGS = NO;
				SWIFT_VERSION = 5.0;
				TARGETED_DEVICE_FAMILY = "1,2";
				TEST_HOST = "$(BUILT_PRODUCTS_DIR)/Atemis.app/Atemis";
			};
			name = Release;
		};
		D5163E652727FF9800DF09D0 /* Debug */ = {
			isa = XCBuildConfiguration;
			baseConfigurationReference = A8AB8EA8E36044F34B7E1775 /* Pods-Atemis-AtemisUITests.debug.xcconfig */;
			buildSettings = {
				ALWAYS_EMBED_SWIFT_STANDARD_LIBRARIES = YES;
				CODE_SIGN_STYLE = Automatic;
				CURRENT_PROJECT_VERSION = 1;
				DEVELOPMENT_TEAM = SCZQ3M4JVY;
				GENERATE_INFOPLIST_FILE = YES;
				LD_RUNPATH_SEARCH_PATHS = (
					"$(inherited)",
					"@executable_path/Frameworks",
					"@loader_path/Frameworks",
				);
				MARKETING_VERSION = 1.0;
				PRODUCT_BUNDLE_IDENTIFIER = impraver.AtemisUITests;
				PRODUCT_NAME = "$(TARGET_NAME)";
				SWIFT_EMIT_LOC_STRINGS = NO;
				SWIFT_VERSION = 5.0;
				TARGETED_DEVICE_FAMILY = "1,2";
				TEST_TARGET_NAME = Atemis;
			};
			name = Debug;
		};
		D5163E662727FF9800DF09D0 /* Release */ = {
			isa = XCBuildConfiguration;
			baseConfigurationReference = E3405A88C5CCA11CBFD1BC58 /* Pods-Atemis-AtemisUITests.release.xcconfig */;
			buildSettings = {
				ALWAYS_EMBED_SWIFT_STANDARD_LIBRARIES = YES;
				CODE_SIGN_STYLE = Automatic;
				CURRENT_PROJECT_VERSION = 1;
				DEVELOPMENT_TEAM = SCZQ3M4JVY;
				GENERATE_INFOPLIST_FILE = YES;
				LD_RUNPATH_SEARCH_PATHS = (
					"$(inherited)",
					"@executable_path/Frameworks",
					"@loader_path/Frameworks",
				);
				MARKETING_VERSION = 1.0;
				PRODUCT_BUNDLE_IDENTIFIER = impraver.AtemisUITests;
				PRODUCT_NAME = "$(TARGET_NAME)";
				SWIFT_EMIT_LOC_STRINGS = NO;
				SWIFT_VERSION = 5.0;
				TARGETED_DEVICE_FAMILY = "1,2";
				TEST_TARGET_NAME = Atemis;
			};
			name = Release;
		};
/* End XCBuildConfiguration section */

/* Begin XCConfigurationList section */
		D5163E302727FF9600DF09D0 /* Build configuration list for PBXProject "Atemis" */ = {
			isa = XCConfigurationList;
			buildConfigurations = (
				D5163E5C2727FF9800DF09D0 /* Debug */,
				D5163E5D2727FF9800DF09D0 /* Release */,
			);
			defaultConfigurationIsVisible = 0;
			defaultConfigurationName = Release;
		};
		D5163E5E2727FF9800DF09D0 /* Build configuration list for PBXNativeTarget "Atemis" */ = {
			isa = XCConfigurationList;
			buildConfigurations = (
				D5163E5F2727FF9800DF09D0 /* Debug */,
				D5163E602727FF9800DF09D0 /* Release */,
			);
			defaultConfigurationIsVisible = 0;
			defaultConfigurationName = Release;
		};
		D5163E612727FF9800DF09D0 /* Build configuration list for PBXNativeTarget "AtemisTests" */ = {
			isa = XCConfigurationList;
			buildConfigurations = (
				D5163E622727FF9800DF09D0 /* Debug */,
				D5163E632727FF9800DF09D0 /* Release */,
			);
			defaultConfigurationIsVisible = 0;
			defaultConfigurationName = Release;
		};
		D5163E642727FF9800DF09D0 /* Build configuration list for PBXNativeTarget "AtemisUITests" */ = {
			isa = XCConfigurationList;
			buildConfigurations = (
				D5163E652727FF9800DF09D0 /* Debug */,
				D5163E662727FF9800DF09D0 /* Release */,
			);
			defaultConfigurationIsVisible = 0;
			defaultConfigurationName = Release;
		};
/* End XCConfigurationList section */

/* Begin XCVersionGroup section */
		D5163E432727FF9800DF09D0 /* Atemis.xcdatamodeld */ = {
			isa = XCVersionGroup;
			children = (
				D5163E442727FF9800DF09D0 /* Atemis.xcdatamodel */,
			);
			currentVersion = D5163E442727FF9800DF09D0 /* Atemis.xcdatamodel */;
			path = Atemis.xcdatamodeld;
			sourceTree = "<group>";
			versionGroupType = wrapper.xcdatamodel;
		};
/* End XCVersionGroup section */
	};
	rootObject = D5163E2D2727FF9600DF09D0 /* Project object */;
}
